
Microsoft Visual Studio Solution File, Format Version 12.00
# Visual Studio Version 16
VisualStudioVersion = 16.0.810.21
MinimumVisualStudioVersion = 10.0.40219.1
Project("{FAE04EC0-301F-11D3-BF4B-00C04F79EFBC}") = "CookingBook", "CookingBook\CookingBook.csproj", "{20AE679D-9DD6-45FB-9471-2F5B18F7C511}"
EndProject
Global
	GlobalSection(SolutionConfigurationPlatforms) = preSolution
		Debug|Any CPU = Debug|Any CPU
		Release|Any CPU = Release|Any CPU
	EndGlobalSection
	GlobalSection(ProjectConfigurationPlatforms) = postSolution
		{20AE679D-9DD6-45FB-9471-2F5B18F7C511}.Debug|Any CPU.ActiveCfg = Debug|Any CPU
		{20AE679D-9DD6-45FB-9471-2F5B18F7C511}.Debug|Any CPU.Build.0 = Debug|Any CPU
		{20AE679D-9DD6-45FB-9471-2F5B18F7C511}.Release|Any CPU.ActiveCfg = Release|Any CPU
		{20AE679D-9DD6-45FB-9471-2F5B18F7C511}.Release|Any CPU.Build.0 = Release|Any CPU
	EndGlobalSection
	GlobalSection(SolutionProperties) = preSolution
		HideSolutionNode = FALSE
	EndGlobalSection
	GlobalSection(ExtensibilityGlobals) = postSolution
		SolutionGuid = {81AEE915-189D-4702-B7C0-00485062185F}
	EndGlobalSection
EndGlobal
